
Microsoft Visual Studio Solution File, Format Version 12.00
# Visual Studio Version 17
VisualStudioVersion = 17.7.34202.233
MinimumVisualStudioVersion = 10.0.40219.1
Project("{FAE04EC0-301F-11D3-BF4B-00C04F79EFBC}") = "Compilador", "Compilador\Compilador.csproj", "{33030BF4-4E38-4853-8037-AEA3CAA36B0A}"
EndProject
Global
	GlobalSection(SolutionConfigurationPlatforms) = preSolution
		Debug|Any CPU = Debug|Any CPU
		Release|Any CPU = Release|Any CPU
	EndGlobalSection
	GlobalSection(ProjectConfigurationPlatforms) = postSolution
		{33030BF4-4E38-4853-8037-AEA3CAA36B0A}.Debug|Any CPU.ActiveCfg = Debug|Any CPU
		{33030BF4-4E38-4853-8037-AEA3CAA36B0A}.Debug|Any CPU.Build.0 = Debug|Any CPU
		{33030BF4-4E38-4853-8037-AEA3CAA36B0A}.Release|Any CPU.ActiveCfg = Release|Any CPU
		{33030BF4-4E38-4853-8037-AEA3CAA36B0A}.Release|Any CPU.Build.0 = Release|Any CPU
	EndGlobalSection
	GlobalSection(SolutionProperties) = preSolution
		HideSolutionNode = FALSE
	EndGlobalSection
	GlobalSection(ExtensibilityGlobals) = postSolution
		SolutionGuid = {55EE24F0-7DC6-430B-AEC2-73BB4BBE34F5}
	EndGlobalSection
EndGlobal
